
Microsoft Visual Studio Solution File, Format Version 12.00
# Visual Studio Version 17
VisualStudioVersion = 17.4.33213.308
MinimumVisualStudioVersion = 10.0.40219.1
Project("{9A19103F-16F7-4668-BE54-9A1E7A4F7556}") = "AuthenticationService", "AuthenticationService\AuthenticationService.csproj", "{DE4B980E-5BEE-40BF-8FA0-964298F6679E}"
EndProject
Project("{2150E333-8FDC-42A3-9474-1A3956D46DE8}") = "Tests", "Tests", "{0CB5E621-2392-472C-8831-10C6058E1479}"
EndProject
Project("{9A19103F-16F7-4668-BE54-9A1E7A4F7556}") = "AuthenticationServiceTest", "AuthenticationServiceTest\AuthenticationServiceTest.csproj", "{F2130A08-6CA5-40D6-AAD6-57A72B27B3E5}"
EndProject
Global
	GlobalSection(SolutionConfigurationPlatforms) = preSolution
		Debug|Any CPU = Debug|Any CPU
		Release|Any CPU = Release|Any CPU
	EndGlobalSection
	GlobalSection(ProjectConfigurationPlatforms) = postSolution
		{DE4B980E-5BEE-40BF-8FA0-964298F6679E}.Debug|Any CPU.ActiveCfg = Debug|Any CPU
		{DE4B980E-5BEE-40BF-8FA0-964298F6679E}.Debug|Any CPU.Build.0 = Debug|Any CPU
		{DE4B980E-5BEE-40BF-8FA0-964298F6679E}.Release|Any CPU.ActiveCfg = Release|Any CPU
		{DE4B980E-5BEE-40BF-8FA0-964298F6679E}.Release|Any CPU.Build.0 = Release|Any CPU
		{F2130A08-6CA5-40D6-AAD6-57A72B27B3E5}.Debug|Any CPU.ActiveCfg = Debug|Any CPU
		{F2130A08-6CA5-40D6-AAD6-57A72B27B3E5}.Debug|Any CPU.Build.0 = Debug|Any CPU
		{F2130A08-6CA5-40D6-AAD6-57A72B27B3E5}.Release|Any CPU.ActiveCfg = Release|Any CPU
		{F2130A08-6CA5-40D6-AAD6-57A72B27B3E5}.Release|Any CPU.Build.0 = Release|Any CPU
	EndGlobalSection
	GlobalSection(SolutionProperties) = preSolution
		HideSolutionNode = FALSE
	EndGlobalSection
	GlobalSection(NestedProjects) = preSolution
		{F2130A08-6CA5-40D6-AAD6-57A72B27B3E5} = {0CB5E621-2392-472C-8831-10C6058E1479}
	EndGlobalSection
	GlobalSection(ExtensibilityGlobals) = postSolution
		SolutionGuid = {4BB767C6-B80A-4A05-AAEE-3FE3D0C7F901}
	EndGlobalSection
EndGlobal
