
Microsoft Visual Studio Solution File, Format Version 12.00
# Visual Studio Version 17
VisualStudioVersion = 17.5.33424.131
MinimumVisualStudioVersion = 10.0.40219.1
Project("{9A19103F-16F7-4668-BE54-9A1E7A4F7556}") = "ClientMicroService", "ClientMicroService\ClientMicroService.csproj", "{8C3E4AFA-EE0E-49DC-B529-199941C07AC1}"
EndProject
Project("{FAE04EC0-301F-11D3-BF4B-00C04F79EFBC}") = "ClientMicroService.Tests", "ClientMicroService.Tests\ClientMicroService.Tests.csproj", "{EAC6BC42-1AAD-4069-B75C-C9ED2A8E8FEF}"
EndProject
Global
	GlobalSection(SolutionConfigurationPlatforms) = preSolution
		Debug|Any CPU = Debug|Any CPU
		Release|Any CPU = Release|Any CPU
	EndGlobalSection
	GlobalSection(ProjectConfigurationPlatforms) = postSolution
		{8C3E4AFA-EE0E-49DC-B529-199941C07AC1}.Debug|Any CPU.ActiveCfg = Debug|Any CPU
		{8C3E4AFA-EE0E-49DC-B529-199941C07AC1}.Debug|Any CPU.Build.0 = Debug|Any CPU
		{8C3E4AFA-EE0E-49DC-B529-199941C07AC1}.Release|Any CPU.ActiveCfg = Release|Any CPU
		{8C3E4AFA-EE0E-49DC-B529-199941C07AC1}.Release|Any CPU.Build.0 = Release|Any CPU
		{EAC6BC42-1AAD-4069-B75C-C9ED2A8E8FEF}.Debug|Any CPU.ActiveCfg = Debug|Any CPU
		{EAC6BC42-1AAD-4069-B75C-C9ED2A8E8FEF}.Debug|Any CPU.Build.0 = Debug|Any CPU
		{EAC6BC42-1AAD-4069-B75C-C9ED2A8E8FEF}.Release|Any CPU.ActiveCfg = Release|Any CPU
		{EAC6BC42-1AAD-4069-B75C-C9ED2A8E8FEF}.Release|Any CPU.Build.0 = Release|Any CPU
	EndGlobalSection
	GlobalSection(SolutionProperties) = preSolution
		HideSolutionNode = FALSE
	EndGlobalSection
	GlobalSection(ExtensibilityGlobals) = postSolution
		SolutionGuid = {328B0780-9F0C-4E44-9C77-1FE11CCF18CD}
	EndGlobalSection
EndGlobal
